
Microsoft Visual Studio Solution File, Format Version 12.00
# Visual Studio Version 17
VisualStudioVersion = 17.3.32929.385
MinimumVisualStudioVersion = 10.0.40219.1
Project("{FAE04EC0-301F-11D3-BF4B-00C04F79EFBC}") = "GitDemoApp", "GitDemoApp\GitDemoApp.csproj", "{EC484E4B-A4B5-4528-9706-CD08BC9F7093}"
EndProject
Global
	GlobalSection(SolutionConfigurationPlatforms) = preSolution
		Debug|Any CPU = Debug|Any CPU
		Release|Any CPU = Release|Any CPU
	EndGlobalSection
	GlobalSection(ProjectConfigurationPlatforms) = postSolution
		{EC484E4B-A4B5-4528-9706-CD08BC9F7093}.Debug|Any CPU.ActiveCfg = Debug|Any CPU
		{EC484E4B-A4B5-4528-9706-CD08BC9F7093}.Debug|Any CPU.Build.0 = Debug|Any CPU
		{EC484E4B-A4B5-4528-9706-CD08BC9F7093}.Release|Any CPU.ActiveCfg = Release|Any CPU
		{EC484E4B-A4B5-4528-9706-CD08BC9F7093}.Release|Any CPU.Build.0 = Release|Any CPU
	EndGlobalSection
	GlobalSection(SolutionProperties) = preSolution
		HideSolutionNode = FALSE
	EndGlobalSection
	GlobalSection(ExtensibilityGlobals) = postSolution
		SolutionGuid = {E6E74341-A541-4722-8FC6-2612FF0A8D4B}
	EndGlobalSection
EndGlobal
